
Microsoft Visual Studio Solution File, Format Version 12.00
# Visual Studio Version 17
VisualStudioVersion = 17.0.32126.317
MinimumVisualStudioVersion = 10.0.40219.1
Project("{FAE04EC0-301F-11D3-BF4B-00C04F79EFBC}") = "calculadorall", "calculadorall.csproj", "{3B6A05C2-8E0A-41A9-B209-93B7A4F2766C}"
EndProject
Global
	GlobalSection(SolutionConfigurationPlatforms) = preSolution
		Debug|Any CPU = Debug|Any CPU
		Release|Any CPU = Release|Any CPU
	EndGlobalSection
	GlobalSection(ProjectConfigurationPlatforms) = postSolution
		{3B6A05C2-8E0A-41A9-B209-93B7A4F2766C}.Debug|Any CPU.ActiveCfg = Debug|Any CPU
		{3B6A05C2-8E0A-41A9-B209-93B7A4F2766C}.Debug|Any CPU.Build.0 = Debug|Any CPU
		{3B6A05C2-8E0A-41A9-B209-93B7A4F2766C}.Release|Any CPU.ActiveCfg = Release|Any CPU
		{3B6A05C2-8E0A-41A9-B209-93B7A4F2766C}.Release|Any CPU.Build.0 = Release|Any CPU
	EndGlobalSection
	GlobalSection(SolutionProperties) = preSolution
		HideSolutionNode = FALSE
	EndGlobalSection
	GlobalSection(ExtensibilityGlobals) = postSolution
		SolutionGuid = {375F6FF4-31BC-4F2E-BD15-3AF9664E055C}
	EndGlobalSection
EndGlobal
